// !$*UTF8*$!
{
	archiveVersion = 1;
	classes = {
	};
	objectVersion = 56;
	objects = {

/* Begin PBXBuildFile section */
		49A2388A2ADB5474001BF0E5 /* ExerciseWidgetApp.swift in Sources */ = {isa = PBXBuildFile; fileRef = 49A238892ADB5474001BF0E5 /* ExerciseWidgetApp.swift */; };
		49A2388C2ADB5474001BF0E5 /* ContentView.swift in Sources */ = {isa = PBXBuildFile; fileRef = 49A2388B2ADB5474001BF0E5 /* ContentView.swift */; };
		49A2388E2ADB5475001BF0E5 /* Assets.xcassets in Resources */ = {isa = PBXBuildFile; fileRef = 49A2388D2ADB5475001BF0E5 /* Assets.xcassets */; };
		49A238922ADB5475001BF0E5 /* Preview Assets.xcassets in Resources */ = {isa = PBXBuildFile; fileRef = 49A238912ADB5475001BF0E5 /* Preview Assets.xcassets */; };
		49A238992ADB5F28001BF0E5 /* HealthManager.swift in Sources */ = {isa = PBXBuildFile; fileRef = 49A238982ADB5F28001BF0E5 /* HealthManager.swift */; };
		49E4CD1A2C0F9B580090567F /* WidgetKit.framework in Frameworks */ = {isa = PBXBuildFile; fileRef = 49ACA7C32C0E5B0B000D6269 /* WidgetKit.framework */; };
		49E4CD1B2C0F9B590090567F /* SwiftUI.framework in Frameworks */ = {isa = PBXBuildFile; fileRef = 49ACA7C52C0E5B0B000D6269 /* SwiftUI.framework */; };
		49E4CD1E2C0F9B590090567F /* MoveWidgetBundle.swift in Sources */ = {isa = PBXBuildFile; fileRef = 49E4CD1D2C0F9B590090567F /* MoveWidgetBundle.swift */; };
		49E4CD202C0F9B590090567F /* MoveWidget.swift in Sources */ = {isa = PBXBuildFile; fileRef = 49E4CD1F2C0F9B590090567F /* MoveWidget.swift */; };
		49E4CD222C0F9B5A0090567F /* Assets.xcassets in Resources */ = {isa = PBXBuildFile; fileRef = 49E4CD212C0F9B5A0090567F /* Assets.xcassets */; };
		49E4CD262C0F9B5A0090567F /* MoveWidgetExtension.appex in Embed Foundation Extensions */ = {isa = PBXBuildFile; fileRef = 49E4CD192C0F9B580090567F /* MoveWidgetExtension.appex */; settings = {ATTRIBUTES = (RemoveHeadersOnCopy, ); }; };
		49E4CD2B2C0F9B880090567F /* MoveHealthManager.swift in Sources */ = {isa = PBXBuildFile; fileRef = 49E4CD2A2C0F9B880090567F /* MoveHealthManager.swift */; };
/* End PBXBuildFile section */

/* Begin PBXContainerItemProxy section */
		49E4CD242C0F9B5A0090567F /* PBXContainerItemProxy */ = {
			isa = PBXContainerItemProxy;
			containerPortal = 49A2387E2ADB5474001BF0E5 /* Project object */;
			proxyType = 1;
			remoteGlobalIDString = 49E4CD182C0F9B580090567F;
			remoteInfo = MoveWidgetExtension;
		};
/* End PBXContainerItemProxy section */

/* Begin PBXCopyFilesBuildPhase section */
		49ACA7D22C0E5B0D000D6269 /* Embed Foundation Extensions */ = {
			isa = PBXCopyFilesBuildPhase;
			buildActionMask = 2147483647;
			dstPath = "";
			dstSubfolderSpec = 13;
			files = (
				49E4CD262C0F9B5A0090567F /* MoveWidgetExtension.appex in Embed Foundation Extensions */,
			);
			name = "Embed Foundation Extensions";
			runOnlyForDeploymentPostprocessing = 0;
		};
/* End PBXCopyFilesBuildPhase section */

/* Begin PBXFileReference section */
		49A238862ADB5474001BF0E5 /* ExerciseWidget.app */ = {isa = PBXFileReference; explicitFileType = wrapper.application; includeInIndex = 0; path = ExerciseWidget.app; sourceTree = BUILT_PRODUCTS_DIR; };
		49A238892ADB5474001BF0E5 /* ExerciseWidgetApp.swift */ = {isa = PBXFileReference; lastKnownFileType = sourcecode.swift; path = ExerciseWidgetApp.swift; sourceTree = "<group>"; };
		49A2388B2ADB5474001BF0E5 /* ContentView.swift */ = {isa = PBXFileReference; lastKnownFileType = sourcecode.swift; path = ContentView.swift; sourceTree = "<group>"; };
		49A2388D2ADB5475001BF0E5 /* Assets.xcassets */ = {isa = PBXFileReference; lastKnownFileType = folder.assetcatalog; path = Assets.xcassets; sourceTree = "<group>"; };
		49A2388F2ADB5475001BF0E5 /* ExerciseWidget.entitlements */ = {isa = PBXFileReference; lastKnownFileType = text.plist.entitlements; path = ExerciseWidget.entitlements; sourceTree = "<group>"; };
		49A238912ADB5475001BF0E5 /* Preview Assets.xcassets */ = {isa = PBXFileReference; lastKnownFileType = folder.assetcatalog; path = "Preview Assets.xcassets"; sourceTree = "<group>"; };
		49A238982ADB5F28001BF0E5 /* HealthManager.swift */ = {isa = PBXFileReference; lastKnownFileType = sourcecode.swift; path = HealthManager.swift; sourceTree = "<group>"; };
		49ACA7C32C0E5B0B000D6269 /* WidgetKit.framework */ = {isa = PBXFileReference; lastKnownFileType = wrapper.framework; name = WidgetKit.framework; path = System/Library/Frameworks/WidgetKit.framework; sourceTree = SDKROOT; };
		49ACA7C52C0E5B0B000D6269 /* SwiftUI.framework */ = {isa = PBXFileReference; lastKnownFileType = wrapper.framework; name = SwiftUI.framework; path = System/Library/Frameworks/SwiftUI.framework; sourceTree = SDKROOT; };
		49E4CD192C0F9B580090567F /* MoveWidgetExtension.appex */ = {isa = PBXFileReference; explicitFileType = "wrapper.app-extension"; includeInIndex = 0; path = MoveWidgetExtension.appex; sourceTree = BUILT_PRODUCTS_DIR; };
		49E4CD1D2C0F9B590090567F /* MoveWidgetBundle.swift */ = {isa = PBXFileReference; lastKnownFileType = sourcecode.swift; path = MoveWidgetBundle.swift; sourceTree = "<group>"; };
		49E4CD1F2C0F9B590090567F /* MoveWidget.swift */ = {isa = PBXFileReference; lastKnownFileType = sourcecode.swift; path = MoveWidget.swift; sourceTree = "<group>"; };
		49E4CD212C0F9B5A0090567F /* Assets.xcassets */ = {isa = PBXFileReference; lastKnownFileType = folder.assetcatalog; path = Assets.xcassets; sourceTree = "<group>"; };
		49E4CD232C0F9B5A0090567F /* Info.plist */ = {isa = PBXFileReference; lastKnownFileType = text.plist.xml; path = Info.plist; sourceTree = "<group>"; };
		49E4CD2A2C0F9B880090567F /* MoveHealthManager.swift */ = {isa = PBXFileReference; lastKnownFileType = sourcecode.swift; path = MoveHealthManager.swift; sourceTree = "<group>"; };
/* End PBXFileReference section */

/* Begin PBXFrameworksBuildPhase section */
		49A238832ADB5474001BF0E5 /* Frameworks */ = {
			isa = PBXFrameworksBuildPhase;
			buildActionMask = 2147483647;
			files = (
			);
			runOnlyForDeploymentPostprocessing = 0;
		};
		49E4CD162C0F9B580090567F /* Frameworks */ = {
			isa = PBXFrameworksBuildPhase;
			buildActionMask = 2147483647;
			files = (
				49E4CD1B2C0F9B590090567F /* SwiftUI.framework in Frameworks */,
				49E4CD1A2C0F9B580090567F /* WidgetKit.framework in Frameworks */,
			);
			runOnlyForDeploymentPostprocessing = 0;
		};
/* End PBXFrameworksBuildPhase section */

/* Begin PBXGroup section */
		49A2387D2ADB5474001BF0E5 = {
			isa = PBXGroup;
			children = (
				49A238882ADB5474001BF0E5 /* ExerciseWidget */,
				49E4CD1C2C0F9B590090567F /* MoveWidget */,
				49ACA7C22C0E5B0B000D6269 /* Frameworks */,
				49A238872ADB5474001BF0E5 /* Products */,
			);
			sourceTree = "<group>";
		};
		49A238872ADB5474001BF0E5 /* Products */ = {
			isa = PBXGroup;
			children = (
				49A238862ADB5474001BF0E5 /* ExerciseWidget.app */,
				49E4CD192C0F9B580090567F /* MoveWidgetExtension.appex */,
			);
			name = Products;
			sourceTree = "<group>";
		};
		49A238882ADB5474001BF0E5 /* ExerciseWidget */ = {
			isa = PBXGroup;
			children = (
				49A238892ADB5474001BF0E5 /* ExerciseWidgetApp.swift */,
				49A2388B2ADB5474001BF0E5 /* ContentView.swift */,
				49A238982ADB5F28001BF0E5 /* HealthManager.swift */,
				49A2388D2ADB5475001BF0E5 /* Assets.xcassets */,
				49A2388F2ADB5475001BF0E5 /* ExerciseWidget.entitlements */,
				49A238902ADB5475001BF0E5 /* Preview Content */,
			);
			path = ExerciseWidget;
			sourceTree = "<group>";
		};
		49A238902ADB5475001BF0E5 /* Preview Content */ = {
			isa = PBXGroup;
			children = (
				49A238912ADB5475001BF0E5 /* Preview Assets.xcassets */,
			);
			path = "Preview Content";
			sourceTree = "<group>";
		};
		49ACA7C22C0E5B0B000D6269 /* Frameworks */ = {
			isa = PBXGroup;
			children = (
				49ACA7C32C0E5B0B000D6269 /* WidgetKit.framework */,
				49ACA7C52C0E5B0B000D6269 /* SwiftUI.framework */,
			);
			name = Frameworks;
			sourceTree = "<group>";
		};
		49E4CD1C2C0F9B590090567F /* MoveWidget */ = {
			isa = PBXGroup;
			children = (
				49E4CD1D2C0F9B590090567F /* MoveWidgetBundle.swift */,
				49E4CD1F2C0F9B590090567F /* MoveWidget.swift */,
				49E4CD212C0F9B5A0090567F /* Assets.xcassets */,
				49E4CD232C0F9B5A0090567F /* Info.plist */,
				49E4CD2A2C0F9B880090567F /* MoveHealthManager.swift */,
			);
			path = MoveWidget;
			sourceTree = "<group>";
		};
/* End PBXGroup section */

/* Begin PBXNativeTarget section */
		49A238852ADB5474001BF0E5 /* ExerciseWidget */ = {
			isa = PBXNativeTarget;
			buildConfigurationList = 49A238952ADB5475001BF0E5 /* Build configuration list for PBXNativeTarget "ExerciseWidget" */;
			buildPhases = (
				49A238822ADB5474001BF0E5 /* Sources */,
				49A238832ADB5474001BF0E5 /* Frameworks */,
				49A238842ADB5474001BF0E5 /* Resources */,
				49ACA7D22C0E5B0D000D6269 /* Embed Foundation Extensions */,
			);
			buildRules = (
			);
			dependencies = (
				49E4CD252C0F9B5A0090567F /* PBXTargetDependency */,
			);
			name = ExerciseWidget;
			productName = ExerciseWidget;
			productReference = 49A238862ADB5474001BF0E5 /* ExerciseWidget.app */;
			productType = "com.apple.product-type.application";
		};
		49E4CD182C0F9B580090567F /* MoveWidgetExtension */ = {
			isa = PBXNativeTarget;
			buildConfigurationList = 49E4CD272C0F9B5A0090567F /* Build configuration list for PBXNativeTarget "MoveWidgetExtension" */;
			buildPhases = (
				49E4CD152C0F9B580090567F /* Sources */,
				49E4CD162C0F9B580090567F /* Frameworks */,
				49E4CD172C0F9B580090567F /* Resources */,
			);
			buildRules = (
			);
			dependencies = (
			);
			name = MoveWidgetExtension;
			productName = MoveWidgetExtension;
			productReference = 49E4CD192C0F9B580090567F /* MoveWidgetExtension.appex */;
			productType = "com.apple.product-type.app-extension";
		};
/* End PBXNativeTarget section */

/* Begin PBXProject section */
		49A2387E2ADB5474001BF0E5 /* Project object */ = {
			isa = PBXProject;
			attributes = {
				BuildIndependentTargetsInParallel = 1;
				LastSwiftUpdateCheck = 1500;
				LastUpgradeCheck = 1500;
				TargetAttributes = {
					49A238852ADB5474001BF0E5 = {
						CreatedOnToolsVersion = 15.0;
					};
					49E4CD182C0F9B580090567F = {
						CreatedOnToolsVersion = 15.0;
					};
				};
			};
			buildConfigurationList = 49A238812ADB5474001BF0E5 /* Build configuration list for PBXProject "ExerciseWidget" */;
			compatibilityVersion = "Xcode 14.0";
			developmentRegion = en;
			hasScannedForEncodings = 0;
			knownRegions = (
				en,
				Base,
			);
			mainGroup = 49A2387D2ADB5474001BF0E5;
			productRefGroup = 49A238872ADB5474001BF0E5 /* Products */;
			projectDirPath = "";
			projectRoot = "";
			targets = (
				49A238852ADB5474001BF0E5 /* ExerciseWidget */,
				49E4CD182C0F9B580090567F /* MoveWidgetExtension */,
			);
		};
/* End PBXProject section */

/* Begin PBXResourcesBuildPhase section */
		49A238842ADB5474001BF0E5 /* Resources */ = {
			isa = PBXResourcesBuildPhase;
			buildActionMask = 2147483647;
			files = (
				49A238922ADB5475001BF0E5 /* Preview Assets.xcassets in Resources */,
				49A2388E2ADB5475001BF0E5 /* Assets.xcassets in Resources */,
			);
			runOnlyForDeploymentPostprocessing = 0;
		};
		49E4CD172C0F9B580090567F /* Resources */ = {
			isa = PBXResourcesBuildPhase;
			buildActionMask = 2147483647;
			files = (
				49E4CD222C0F9B5A0090567F /* Assets.xcassets in Resources */,
			);
			runOnlyForDeploymentPostprocessing = 0;
		};
/* End PBXResourcesBuildPhase section */

/* Begin PBXSourcesBuildPhase section */
		49A238822ADB5474001BF0E5 /* Sources */ = {
			isa = PBXSourcesBuildPhase;
			buildActionMask = 2147483647;
			files = (
				49A2388C2ADB5474001BF0E5 /* ContentView.swift in Sources */,
				49A238992ADB5F28001BF0E5 /* HealthManager.swift in Sources */,
				49A2388A2ADB5474001BF0E5 /* ExerciseWidgetApp.swift in Sources */,
			);
			runOnlyForDeploymentPostprocessing = 0;
		};
		49E4CD152C0F9B580090567F /* Sources */ = {
			isa = PBXSourcesBuildPhase;
			buildActionMask = 2147483647;
			files = (
				49E4CD2B2C0F9B880090567F /* MoveHealthManager.swift in Sources */,
				49E4CD202C0F9B590090567F /* MoveWidget.swift in Sources */,
				49E4CD1E2C0F9B590090567F /* MoveWidgetBundle.swift in Sources */,
			);
			runOnlyForDeploymentPostprocessing = 0;
		};
/* End PBXSourcesBuildPhase section */

/* Begin PBXTargetDependency section */
		49E4CD252C0F9B5A0090567F /* PBXTargetDependency */ = {
			isa = PBXTargetDependency;
			target = 49E4CD182C0F9B580090567F /* MoveWidgetExtension */;
			targetProxy = 49E4CD242C0F9B5A0090567F /* PBXContainerItemProxy */;
		};
/* End PBXTargetDependency section */

/* Begin XCBuildConfiguration section */
		49A238932ADB5475001BF0E5 /* Debug */ = {
			isa = XCBuildConfiguration;
			buildSettings = {
				ALWAYS_SEARCH_USER_PATHS = NO;
				ASSETCATALOG_COMPILER_GENERATE_SWIFT_ASSET_SYMBOL_EXTENSIONS = YES;
				CLANG_ANALYZER_NONNULL = YES;
				CLANG_ANALYZER_NUMBER_OBJECT_CONVERSION = YES_AGGRESSIVE;
				CLANG_CXX_LANGUAGE_STANDARD = "gnu++20";
				CLANG_ENABLE_MODULES = YES;
				CLANG_ENABLE_OBJC_ARC = YES;
				CLANG_ENABLE_OBJC_WEAK = YES;
				CLANG_WARN_BLOCK_CAPTURE_AUTORELEASING = YES;
				CLANG_WARN_BOOL_CONVERSION = YES;
				CLANG_WARN_COMMA = YES;
				CLANG_WARN_CONSTANT_CONVERSION = YES;
				CLANG_WARN_DEPRECATED_OBJC_IMPLEMENTATIONS = YES;
				CLANG_WARN_DIRECT_OBJC_ISA_USAGE = YES_ERROR;
				CLANG_WARN_DOCUMENTATION_COMMENTS = YES;
				CLANG_WARN_EMPTY_BODY = YES;
				CLANG_WARN_ENUM_CONVERSION = YES;
				CLANG_WARN_INFINITE_RECURSION = YES;
				CLANG_WARN_INT_CONVERSION = YES;
				CLANG_WARN_NON_LITERAL_NULL_CONVERSION = YES;
				CLANG_WARN_OBJC_IMPLICIT_RETAIN_SELF = YES;
				CLANG_WARN_OBJC_LITERAL_CONVERSION = YES;
				CLANG_WARN_OBJC_ROOT_CLASS = YES_ERROR;
				CLANG_WARN_QUOTED_INCLUDE_IN_FRAMEWORK_HEADER = YES;
				CLANG_WARN_RANGE_LOOP_ANALYSIS = YES;
				CLANG_WARN_STRICT_PROTOTYPES = YES;
				CLANG_WARN_SUSPICIOUS_MOVE = YES;
				CLANG_WARN_UNGUARDED_AVAILABILITY = YES_AGGRESSIVE;
				CLANG_WARN_UNREACHABLE_CODE = YES;
				CLANG_WARN__DUPLICATE_METHOD_MATCH = YES;
				COPY_PHASE_STRIP = NO;
				DEBUG_INFORMATION_FORMAT = dwarf;
				ENABLE_STRICT_OBJC_MSGSEND = YES;
				ENABLE_TESTABILITY = YES;
				ENABLE_USER_SCRIPT_SANDBOXING = YES;
				GCC_C_LANGUAGE_STANDARD = gnu17;
				GCC_DYNAMIC_NO_PIC = NO;
				GCC_NO_COMMON_BLOCKS = YES;
				GCC_OPTIMIZATION_LEVEL = 0;
				GCC_PREPROCESSOR_DEFINITIONS = (
					"DEBUG=1",
					"$(inherited)",
				);
				GCC_WARN_64_TO_32_BIT_CONVERSION = YES;
				GCC_WARN_ABOUT_RETURN_TYPE = YES_ERROR;
				GCC_WARN_UNDECLARED_SELECTOR = YES;
				GCC_WARN_UNINITIALIZED_AUTOS = YES_AGGRESSIVE;
				GCC_WARN_UNUSED_FUNCTION = YES;
				GCC_WARN_UNUSED_VARIABLE = YES;
				LOCALIZATION_PREFERS_STRING_CATALOGS = YES;
				MTL_ENABLE_DEBUG_INFO = INCLUDE_SOURCE;
				MTL_FAST_MATH = YES;
				ONLY_ACTIVE_ARCH = YES;
				SWIFT_ACTIVE_COMPILATION_CONDITIONS = "DEBUG $(inherited)";
				SWIFT_OPTIMIZATION_LEVEL = "-Onone";
			};
			name = Debug;
		};
		49A238942ADB5475001BF0E5 /* Release */ = {
			isa = XCBuildConfiguration;
			buildSettings = {
				ALWAYS_SEARCH_USER_PATHS = NO;
				ASSETCATALOG_COMPILER_GENERATE_SWIFT_ASSET_SYMBOL_EXTENSIONS = YES;
				CLANG_ANALYZER_NONNULL = YES;
				CLANG_ANALYZER_NUMBER_OBJECT_CONVERSION = YES_AGGRESSIVE;
				CLANG_CXX_LANGUAGE_STANDARD = "gnu++20";
				CLANG_ENABLE_MODULES = YES;
				CLANG_ENABLE_OBJC_ARC = YES;
				CLANG_ENABLE_OBJC_WEAK = YES;
				CLANG_WARN_BLOCK_CAPTURE_AUTORELEASING = YES;
				CLANG_WARN_BOOL_CONVERSION = YES;
				CLANG_WARN_COMMA = YES;
				CLANG_WARN_CONSTANT_CONVERSION = YES;
				CLANG_WARN_DEPRECATED_OBJC_IMPLEMENTATIONS = YES;
				CLANG_WARN_DIRECT_OBJC_ISA_USAGE = YES_ERROR;
				CLANG_WARN_DOCUMENTATION_COMMENTS = YES;
				CLANG_WARN_EMPTY_BODY = YES;
				CLANG_WARN_ENUM_CONVERSION = YES;
				CLANG_WARN_INFINITE_RECURSION = YES;
				CLANG_WARN_INT_CONVERSION = YES;
				CLANG_WARN_NON_LITERAL_NULL_CONVERSION = YES;
				CLANG_WARN_OBJC_IMPLICIT_RETAIN_SELF = YES;
				CLANG_WARN_OBJC_LITERAL_CONVERSION = YES;
				CLANG_WARN_OBJC_ROOT_CLASS = YES_ERROR;
				CLANG_WARN_QUOTED_INCLUDE_IN_FRAMEWORK_HEADER = YES;
				CLANG_WARN_RANGE_LOOP_ANALYSIS = YES;
				CLANG_WARN_STRICT_PROTOTYPES = YES;
				CLANG_WARN_SUSPICIOUS_MOVE = YES;
				CLANG_WARN_UNGUARDED_AVAILABILITY = YES_AGGRESSIVE;
				CLANG_WARN_UNREACHABLE_CODE = YES;
				CLANG_WARN__DUPLICATE_METHOD_MATCH = YES;
				COPY_PHASE_STRIP = NO;
				DEBUG_INFORMATION_FORMAT = "dwarf-with-dsym";
				ENABLE_NS_ASSERTIONS = NO;
				ENABLE_STRICT_OBJC_MSGSEND = YES;
				ENABLE_USER_SCRIPT_SANDBOXING = YES;
				GCC_C_LANGUAGE_STANDARD = gnu17;
				GCC_NO_COMMON_BLOCKS = YES;
				GCC_WARN_64_TO_32_BIT_CONVERSION = YES;
				GCC_WARN_ABOUT_RETURN_TYPE = YES_ERROR;
				GCC_WARN_UNDECLARED_SELECTOR = YES;
				GCC_WARN_UNINITIALIZED_AUTOS = YES_AGGRESSIVE;
				GCC_WARN_UNUSED_FUNCTION = YES;
				GCC_WARN_UNUSED_VARIABLE = YES;
				LOCALIZATION_PREFERS_STRING_CATALOGS = YES;
				MTL_ENABLE_DEBUG_INFO = NO;
				MTL_FAST_MATH = YES;
				SWIFT_COMPILATION_MODE = wholemodule;
			};
			name = Release;
		};
		49A238962ADB5475001BF0E5 /* Debug */ = {
			isa = XCBuildConfiguration;
			buildSettings = {
				ALWAYS_EMBED_SWIFT_STANDARD_LIBRARIES = YES;
				ASSETCATALOG_COMPILER_APPICON_NAME = AppIcon;
				ASSETCATALOG_COMPILER_GLOBAL_ACCENT_COLOR_NAME = AccentColor;
				CODE_SIGN_ENTITLEMENTS = ExerciseWidget/ExerciseWidget.entitlements;
				"CODE_SIGN_IDENTITY[sdk=macosx*]" = "Apple Development";
				CODE_SIGN_STYLE = Automatic;
				CURRENT_PROJECT_VERSION = 1;
				DEVELOPMENT_ASSET_PATHS = "\"ExerciseWidget/Preview Content\"";
				DEVELOPMENT_TEAM = 367A6T3988;
				ENABLE_HARDENED_RUNTIME = YES;
				"ENABLE_HARDENED_RUNTIME[sdk=macosx*]" = YES;
				ENABLE_PREVIEWS = YES;
				GENERATE_INFOPLIST_FILE = YES;
				INFOPLIST_KEY_NSHealthShareUsageDescription = "Please allow access to enjoy widget";
				INFOPLIST_KEY_NSHealthUpdateUsageDescription = "Please allow access to enjoy widget";
				"INFOPLIST_KEY_UIApplicationSceneManifest_Generation[sdk=iphoneos*]" = YES;
				"INFOPLIST_KEY_UIApplicationSceneManifest_Generation[sdk=iphonesimulator*]" = YES;
				"INFOPLIST_KEY_UIApplicationSupportsIndirectInputEvents[sdk=iphoneos*]" = YES;
				"INFOPLIST_KEY_UIApplicationSupportsIndirectInputEvents[sdk=iphonesimulator*]" = YES;
				"INFOPLIST_KEY_UILaunchScreen_Generation[sdk=iphoneos*]" = YES;
				"INFOPLIST_KEY_UILaunchScreen_Generation[sdk=iphonesimulator*]" = YES;
				"INFOPLIST_KEY_UIStatusBarStyle[sdk=iphoneos*]" = UIStatusBarStyleDefault;
				"INFOPLIST_KEY_UIStatusBarStyle[sdk=iphonesimulator*]" = UIStatusBarStyleDefault;
				INFOPLIST_KEY_UISupportedInterfaceOrientations_iPad = "UIInterfaceOrientationPortrait UIInterfaceOrientationPortraitUpsideDown UIInterfaceOrientationLandscapeLeft UIInterfaceOrientationLandscapeRight";
				INFOPLIST_KEY_UISupportedInterfaceOrientations_iPhone = "UIInterfaceOrientationPortrait UIInterfaceOrientationLandscapeLeft UIInterfaceOrientationLandscapeRight";
				IPHONEOS_DEPLOYMENT_TARGET = 17.0;
				LD_RUNPATH_SEARCH_PATHS = "@executable_path/Frameworks";
				"LD_RUNPATH_SEARCH_PATHS[sdk=macosx*]" = "@executable_path/../Frameworks";
				MACOSX_DEPLOYMENT_TARGET = 14.0;
				MARKETING_VERSION = 1.0;
				PRODUCT_BUNDLE_IDENTIFIER = com.wolfsoftworks.ExerciseWidget;
				PRODUCT_NAME = "$(TARGET_NAME)";
				SDKROOT = auto;
				SUPPORTED_PLATFORMS = "iphoneos iphonesimulator";
				SUPPORTS_MACCATALYST = NO;
				SWIFT_EMIT_LOC_STRINGS = YES;
				SWIFT_VERSION = 5.0;
				TARGETED_DEVICE_FAMILY = 1;
			};
			name = Debug;
		};
		49A238972ADB5475001BF0E5 /* Release */ = {
			isa = XCBuildConfiguration;
			buildSettings = {
				ALWAYS_EMBED_SWIFT_STANDARD_LIBRARIES = YES;
				ASSETCATALOG_COMPILER_APPICON_NAME = AppIcon;
				ASSETCATALOG_COMPILER_GLOBAL_ACCENT_COLOR_NAME = AccentColor;
				CODE_SIGN_ENTITLEMENTS = ExerciseWidget/ExerciseWidget.entitlements;
				"CODE_SIGN_IDENTITY[sdk=macosx*]" = "Apple Development";
				CODE_SIGN_STYLE = Automatic;
				CURRENT_PROJECT_VERSION = 1;
				DEVELOPMENT_ASSET_PATHS = "\"ExerciseWidget/Preview Content\"";
				DEVELOPMENT_TEAM = 367A6T3988;
				ENABLE_HARDENED_RUNTIME = YES;
				"ENABLE_HARDENED_RUNTIME[sdk=macosx*]" = YES;
				ENABLE_PREVIEWS = YES;
				GENERATE_INFOPLIST_FILE = YES;
				INFOPLIST_KEY_NSHealthShareUsageDescription = "Please allow access to enjoy widget";
				INFOPLIST_KEY_NSHealthUpdateUsageDescription = "Please allow access to enjoy widget";
				"INFOPLIST_KEY_UIApplicationSceneManifest_Generation[sdk=iphoneos*]" = YES;
				"INFOPLIST_KEY_UIApplicationSceneManifest_Generation[sdk=iphonesimulator*]" = YES;
				"INFOPLIST_KEY_UIApplicationSupportsIndirectInputEvents[sdk=iphoneos*]" = YES;
				"INFOPLIST_KEY_UIApplicationSupportsIndirectInputEvents[sdk=iphonesimulator*]" = YES;
				"INFOPLIST_KEY_UILaunchScreen_Generation[sdk=iphoneos*]" = YES;
				"INFOPLIST_KEY_UILaunchScreen_Generation[sdk=iphonesimulator*]" = YES;
				"INFOPLIST_KEY_UIStatusBarStyle[sdk=iphoneos*]" = UIStatusBarStyleDefault;
				"INFOPLIST_KEY_UIStatusBarStyle[sdk=iphonesimulator*]" = UIStatusBarStyleDefault;
				INFOPLIST_KEY_UISupportedInterfaceOrientations_iPad = "UIInterfaceOrientationPortrait UIInterfaceOrientationPortraitUpsideDown UIInterfaceOrientationLandscapeLeft UIInterfaceOrientationLandscapeRight";
				INFOPLIST_KEY_UISupportedInterfaceOrientations_iPhone = "UIInterfaceOrientationPortrait UIInterfaceOrientationLandscapeLeft UIInterfaceOrientationLandscapeRight";
				IPHONEOS_DEPLOYMENT_TARGET = 17.0;
				LD_RUNPATH_SEARCH_PATHS = "@executable_path/Frameworks";
				"LD_RUNPATH_SEARCH_PATHS[sdk=macosx*]" = "@executable_path/../Frameworks";
				MACOSX_DEPLOYMENT_TARGET = 14.0;
				MARKETING_VERSION = 1.0;
				PRODUCT_BUNDLE_IDENTIFIER = com.wolfsoftworks.ExerciseWidget;
				PRODUCT_NAME = "$(TARGET_NAME)";
				SDKROOT = auto;
				SUPPORTED_PLATFORMS = "iphoneos iphonesimulator";
				SUPPORTS_MACCATALYST = NO;
				SWIFT_EMIT_LOC_STRINGS = YES;
				SWIFT_VERSION = 5.0;
				TARGETED_DEVICE_FAMILY = 1;
			};
			name = Release;
		};
		49E4CD282C0F9B5A0090567F /* Debug */ = {
			isa = XCBuildConfiguration;
			buildSettings = {
				ASSETCATALOG_COMPILER_GLOBAL_ACCENT_COLOR_NAME = AccentColor;
				ASSETCATALOG_COMPILER_WIDGET_BACKGROUND_COLOR_NAME = WidgetBackground;
				CODE_SIGN_STYLE = Automatic;
				CURRENT_PROJECT_VERSION = 1;
				DEVELOPMENT_TEAM = 367A6T3988;
				GENERATE_INFOPLIST_FILE = YES;
				INFOPLIST_FILE = MoveWidget/Info.plist;
				INFOPLIST_KEY_CFBundleDisplayName = MoveWidget;
				INFOPLIST_KEY_NSHumanReadableCopyright = "";
				IPHONEOS_DEPLOYMENT_TARGET = 17.0;
				LD_RUNPATH_SEARCH_PATHS = (
					"$(inherited)",
					"@executable_path/Frameworks",
					"@executable_path/../../Frameworks",
				);
				MARKETING_VERSION = 1.0;
				PRODUCT_BUNDLE_IDENTIFIER = com.wolfsoftworks.ExerciseWidget.MoveWidget;
				PRODUCT_NAME = "$(TARGET_NAME)";
				SDKROOT = iphoneos;
				SKIP_INSTALL = YES;
				SWIFT_EMIT_LOC_STRINGS = YES;
				SWIFT_VERSION = 5.0;
				TARGETED_DEVICE_FAMILY = "1,2";
			};
			name = Debug;
		};
		49E4CD292C0F9B5A0090567F /* Release */ = {
			isa = XCBuildConfiguration;
			buildSettings = {
				ASSETCATALOG_COMPILER_GLOBAL_ACCENT_COLOR_NAME = AccentColor;
				ASSETCATALOG_COMPILER_WIDGET_BACKGROUND_COLOR_NAME = WidgetBackground;
				CODE_SIGN_STYLE = Automatic;
				CURRENT_PROJECT_VERSION = 1;
				DEVELOPMENT_TEAM = 367A6T3988;
				GENERATE_INFOPLIST_FILE = YES;
				INFOPLIST_FILE = MoveWidget/Info.plist;
				INFOPLIST_KEY_CFBundleDisplayName = MoveWidget;
				INFOPLIST_KEY_NSHumanReadableCopyright = "";
				IPHONEOS_DEPLOYMENT_TARGET = 17.0;
				LD_RUNPATH_SEARCH_PATHS = (
					"$(inherited)",
					"@executable_path/Frameworks",
					"@executable_path/../../Frameworks",
				);
				MARKETING_VERSION = 1.0;
				PRODUCT_BUNDLE_IDENTIFIER = com.wolfsoftworks.ExerciseWidget.MoveWidget;
				PRODUCT_NAME = "$(TARGET_NAME)";
				SDKROOT = iphoneos;
				SKIP_INSTALL = YES;
				SWIFT_EMIT_LOC_STRINGS = YES;
				SWIFT_VERSION = 5.0;
				TARGETED_DEVICE_FAMILY = "1,2";
				VALIDATE_PRODUCT = YES;
			};
			name = Release;
		};
/* End XCBuildConfiguration section */

/* Begin XCConfigurationList section */
		49A238812ADB5474001BF0E5 /* Build configuration list for PBXProject "ExerciseWidget" */ = {
			isa = XCConfigurationList;
			buildConfigurations = (
				49A238932ADB5475001BF0E5 /* Debug */,
				49A238942ADB5475001BF0E5 /* Release */,
			);
			defaultConfigurationIsVisible = 0;
			defaultConfigurationName = Release;
		};
		49A238952ADB5475001BF0E5 /* Build configuration list for PBXNativeTarget "ExerciseWidget" */ = {
			isa = XCConfigurationList;
			buildConfigurations = (
				49A238962ADB5475001BF0E5 /* Debug */,
				49A238972ADB5475001BF0E5 /* Release */,
			);
			defaultConfigurationIsVisible = 0;
			defaultConfigurationName = Release;
		};
		49E4CD272C0F9B5A0090567F /* Build configuration list for PBXNativeTarget "MoveWidgetExtension" */ = {
			isa = XCConfigurationList;
			buildConfigurations = (
				49E4CD282C0F9B5A0090567F /* Debug */,
				49E4CD292C0F9B5A0090567F /* Release */,
			);
			defaultConfigurationIsVisible = 0;
			defaultConfigurationName = Release;
		};
/* End XCConfigurationList section */
	};
	rootObject = 49A2387E2ADB5474001BF0E5 /* Project object */;
}
